
Microsoft Visual Studio Solution File, Format Version 12.00
# Visual Studio Version 16
VisualStudioVersion = 16.0.30517.126
MinimumVisualStudioVersion = 10.0.40219.1
Project("{8BC9CEB8-8B4A-11D0-8D11-00A0C91BC942}") = "HW", "HW\HW.vcxproj", "{CD40EDEF-E20E-41BC-AEF3-4A1583CC6469}"
EndProject
Global
	GlobalSection(SolutionConfigurationPlatforms) = preSolution
		Debug|x64 = Debug|x64
		Debug|x86 = Debug|x86
		Release|x64 = Release|x64
		Release|x86 = Release|x86
	EndGlobalSection
	GlobalSection(ProjectConfigurationPlatforms) = postSolution
		{CD40EDEF-E20E-41BC-AEF3-4A1583CC6469}.Debug|x64.ActiveCfg = Debug|x64
		{CD40EDEF-E20E-41BC-AEF3-4A1583CC6469}.Debug|x64.Build.0 = Debug|x64
		{CD40EDEF-E20E-41BC-AEF3-4A1583CC6469}.Debug|x86.ActiveCfg = Debug|Win32
		{CD40EDEF-E20E-41BC-AEF3-4A1583CC6469}.Debug|x86.Build.0 = Debug|Win32
		{CD40EDEF-E20E-41BC-AEF3-4A1583CC6469}.Release|x64.ActiveCfg = Release|x64
		{CD40EDEF-E20E-41BC-AEF3-4A1583CC6469}.Release|x64.Build.0 = Release|x64
		{CD40EDEF-E20E-41BC-AEF3-4A1583CC6469}.Release|x86.ActiveCfg = Release|Win32
		{CD40EDEF-E20E-41BC-AEF3-4A1583CC6469}.Release|x86.Build.0 = Release|Win32
	EndGlobalSection
	GlobalSection(SolutionProperties) = preSolution
		HideSolutionNode = FALSE
	EndGlobalSection
	GlobalSection(ExtensibilityGlobals) = postSolution
		SolutionGuid = {0628EE72-1D4B-4EF4-A999-AF38C4CE585E}
	EndGlobalSection
EndGlobal
